
Microsoft Visual Studio Solution File, Format Version 12.00
# Visual Studio Version 17
VisualStudioVersion = 17.6.33723.286
MinimumVisualStudioVersion = 10.0.40219.1
Project("{FAE04EC0-301F-11D3-BF4B-00C04F79EFBC}") = "Library", "Library.csproj", "{48C818C7-3CB2-4FFB-8785-DADA9DFE40A2}"
EndProject
Global
	GlobalSection(SolutionConfigurationPlatforms) = preSolution
		Debug|Any CPU = Debug|Any CPU
		Release|Any CPU = Release|Any CPU
	EndGlobalSection
	GlobalSection(ProjectConfigurationPlatforms) = postSolution
		{48C818C7-3CB2-4FFB-8785-DADA9DFE40A2}.Debug|Any CPU.ActiveCfg = Debug|Any CPU
		{48C818C7-3CB2-4FFB-8785-DADA9DFE40A2}.Debug|Any CPU.Build.0 = Debug|Any CPU
		{48C818C7-3CB2-4FFB-8785-DADA9DFE40A2}.Release|Any CPU.ActiveCfg = Release|Any CPU
		{48C818C7-3CB2-4FFB-8785-DADA9DFE40A2}.Release|Any CPU.Build.0 = Release|Any CPU
	EndGlobalSection
	GlobalSection(SolutionProperties) = preSolution
		HideSolutionNode = FALSE
	EndGlobalSection
	GlobalSection(ExtensibilityGlobals) = postSolution
		SolutionGuid = {18E91ED4-E879-4003-9B52-D015EA34827B}
	EndGlobalSection
EndGlobal
